<?xml version="1.0" encoding="utf-8"?>
<Project ToolsVersion="4.0" xmlns="http://schemas.microsoft.com/developer/msbuild/2003">
  <ItemGroup>
    <Filter Include="소스 파일">
      <UniqueIdentifier>{4FC737F1-C7A5-4376-A066-2A32D752A2FF}</UniqueIdentifier>
      <Extensions>cpp;c;cc;cxx;c++;cppm;ixx;def;odl;idl;hpj;bat;asm;asmx</Extensions>
    </Filter>
    <Filter Include="헤더 파일">
      <UniqueIdentifier>{93995380-89BD-4b04-88EB-625FBE52EBFB}</UniqueIdentifier>
      <Extensions>h;hh;hpp;hxx;h++;hm;inl;inc;ipp;xsd</Extensions>
    </Filter>
    <Filter Include="리소스 파일">
      <UniqueIdentifier>{67DA6AB6-F800-4c08-8B7A-83BB121AAD01}</UniqueIdentifier>
      <Extensions>rc;ico;cur;bmp;dlg;rc2;rct;bin;rgs;gif;jpg;jpeg;jpe;resx;tiff;tif;png;wav;mfcribbon-ms</Extensions>
    </Filter>
  </ItemGroup>
  <ItemGroup>
    <ClCompile Include="Source\Main.cpp">
      <Filter>소스 파일</Filter>
    </ClCompile>
    <ClCompile Include="Source\Game\Actor\Camera\CameraActor.cpp">
      <Filter>소스 파일</Filter>
    </ClCompile>
    <ClCompile Include="Source\Game\Actor\Camera\FollowCameraActor.cpp">
      <Filter>소스 파일</Filter>
    </ClCompile>
    <ClCompile Include="Source\Game\Actor\Actor.cpp">
      <Filter>소스 파일</Filter>
    </ClCompile>
    <ClCompile Include="Source\Game\Actor\PlaneActor.cpp">
      <Filter>소스 파일</Filter>
    </ClCompile>
    <ClCompile Include="Source\Game\Camera\CameraComponent.cpp">
      <Filter>소스 파일</Filter>
    </ClCompile>
    <ClCompile Include="Source\Game\Camera\FollowCamera.cpp">
      <Filter>소스 파일</Filter>
    </ClCompile>
    <ClCompile Include="Source\Game\Camera\FPSCamera.cpp">
      <Filter>소스 파일</Filter>
    </ClCompile>
    <ClCompile Include="Source\Game\Camera\FPSMouseCamera.cpp">
      <Filter>소스 파일</Filter>
    </ClCompile>
    <ClCompile Include="Source\Game\Component\BoxComponent.cpp">
      <Filter>소스 파일</Filter>
    </ClCompile>
    <ClCompile Include="Source\Game\Component\Component.cpp">
      <Filter>소스 파일</Filter>
    </ClCompile>
    <ClCompile Include="Source\Game\Component\MoveComponent.cpp">
      <Filter>소스 파일</Filter>
    </ClCompile>
    <ClCompile Include="Source\Game\Graphics\Light\Light.cpp">
      <Filter>소스 파일</Filter>
    </ClCompile>
    <ClCompile Include="Source\Game\Graphics\Mesh\LineComponent.cpp">
      <Filter>소스 파일</Filter>
    </ClCompile>
    <ClCompile Include="Source\Game\Graphics\Mesh\Mesh.cpp">
      <Filter>소스 파일</Filter>
    </ClCompile>
    <ClCompile Include="Source\Game\Graphics\Mesh\MeshComponent.cpp">
      <Filter>소스 파일</Filter>
    </ClCompile>
    <ClCompile Include="Source\Game\Graphics\Renderer\Renderer.cpp">
      <Filter>소스 파일</Filter>
    </ClCompile>
    <ClCompile Include="Source\Game\Graphics\Shader\Shader.cpp">
      <Filter>소스 파일</Filter>
    </ClCompile>
    <ClCompile Include="Source\Game\Graphics\Shader\VertexArray.cpp">
      <Filter>소스 파일</Filter>
    </ClCompile>
    <ClCompile Include="Source\Game\Graphics\Texture\Texture.cpp">
      <Filter>소스 파일</Filter>
    </ClCompile>
    <ClCompile Include="Source\Game\Graphics\Window.cpp">
      <Filter>소스 파일</Filter>
    </ClCompile>
    <ClCompile Include="Source\Game\Input\KeyBoard.cpp">
      <Filter>소스 파일</Filter>
    </ClCompile>
    <ClCompile Include="Source\Game\Input\Mouse.cpp">
      <Filter>소스 파일</Filter>
    </ClCompile>
    <ClCompile Include="Source\Game\Math\Matrix3.cpp">
      <Filter>소스 파일</Filter>
    </ClCompile>
    <ClCompile Include="Source\Game\Math\Matrix4.cpp">
      <Filter>소스 파일</Filter>
    </ClCompile>
    <ClCompile Include="Source\Game\Math\Quaternion.cpp">
      <Filter>소스 파일</Filter>
    </ClCompile>
    <ClCompile Include="Source\Game\Math\Vector2.cpp">
      <Filter>소스 파일</Filter>
    </ClCompile>
    <ClCompile Include="Source\Game\Math\Vector3.cpp">
      <Filter>소스 파일</Filter>
    </ClCompile>
    <ClCompile Include="Source\Game\Physics\Coliision\AABB.cpp">
      <Filter>소스 파일</Filter>
    </ClCompile>
    <ClCompile Include="Source\Game\Physics\Coliision\Capsule.cpp">
      <Filter>소스 파일</Filter>
    </ClCompile>
    <ClCompile Include="Source\Game\Physics\Coliision\Collision.cpp">
      <Filter>소스 파일</Filter>
    </ClCompile>
    <ClCompile Include="Source\Game\Physics\Coliision\ConvexPolygon.cpp">
      <Filter>소스 파일</Filter>
    </ClCompile>
    <ClCompile Include="Source\Game\Physics\Coliision\LineSegment.cpp">
      <Filter>소스 파일</Filter>
    </ClCompile>
    <ClCompile Include="Source\Game\Physics\Coliision\Plane.cpp">
      <Filter>소스 파일</Filter>
    </ClCompile>
    <ClCompile Include="Source\Game\Physics\Coliision\Sphere.cpp">
      <Filter>소스 파일</Filter>
    </ClCompile>
    <ClCompile Include="Source\Game\Physics\PhysicsEngine.cpp">
      <Filter>소스 파일</Filter>
    </ClCompile>
    <ClCompile Include="Source\Game\Game.cpp">
      <Filter>소스 파일</Filter>
    </ClCompile>
    <ClCompile Include="Source\Game\Graphics\Mesh\AlphaComponent.cpp">
      <Filter>소스 파일</Filter>
    </ClCompile>
    <ClCompile Include="Source\Game\Actor\Defualt\DefualtShape.cpp">
      <Filter>소스 파일</Filter>
    </ClCompile>
    <ClCompile Include="Source\Game\Actor\Defualt\AlphaShape.cpp">
      <Filter>소스 파일</Filter>
    </ClCompile>
    <ClCompile Include="Source\Game\Scene\Scene.cpp">
      <Filter>소스 파일</Filter>
    </ClCompile>
    <ClCompile Include="Source\Game\Graphics\Mesh\BillBoardComponent.cpp">
      <Filter>소스 파일</Filter>
    </ClCompile>
    <ClCompile Include="Source\Game\Graphics\Mesh\SpriteComponent.cpp">
      <Filter>소스 파일</Filter>
    </ClCompile>
    <ClCompile Include="Source\InGame\Scene\GameScene.cpp">
      <Filter>소스 파일</Filter>
    </ClCompile>
    <ClCompile Include="Source\InGame\Scene\LoadingScene.cpp">
      <Filter>소스 파일</Filter>
    </ClCompile>
    <ClCompile Include="Source\InGame\Actor\Particle\Snow.cpp">
      <Filter>소스 파일</Filter>
    </ClCompile>
    <ClCompile Include="Source\InGame\Map\Editer\MapEditor.cpp">
      <Filter>소스 파일</Filter>
    </ClCompile>
    <ClCompile Include="Source\InGame\Map\GameMap.cpp">
      <Filter>소스 파일</Filter>
    </ClCompile>
    <ClCompile Include="Source\InGame\Actor\Tile\Tile.cpp">
      <Filter>소스 파일</Filter>
    </ClCompile>
    <ClCompile Include="Source\InGame\Scene\EditScene.cpp">
      <Filter>소스 파일</Filter>
    </ClCompile>
    <ClCompile Include="Source\InGame\Actor\Tile\EnemyTile.cpp">
      <Filter>소스 파일</Filter>
    </ClCompile>
    <ClCompile Include="Source\InGame\Actor\Enemy\EnemyTower.cpp">
      <Filter>소스 파일</Filter>
    </ClCompile>
    <ClCompile Include="Source\InGame\Actor\Enemy\Projectile\Projectile.cpp">
      <Filter>소스 파일</Filter>
    </ClCompile>
    <ClCompile Include="Source\InGame\Actor\Enemy\Projectile\Arrow.cpp">
      <Filter>소스 파일</Filter>
    </ClCompile>
    <ClCompile Include="Source\Game\Sound\Sound.cpp">
      <Filter>소스 파일</Filter>
    </ClCompile>
    <ClCompile Include="Source\InGame\Actor\Enemy\Weapon.cpp">
      <Filter>소스 파일</Filter>
    </ClCompile>
    <ClCompile Include="Source\InGame\Actor\Enemy\Weapon\Ballista.cpp">
      <Filter>소스 파일</Filter>
    </ClCompile>
    <ClCompile Include="Source\InGame\Actor\Enemy\Weapon\Blaster.cpp">
      <Filter>소스 파일</Filter>
    </ClCompile>
    <ClCompile Include="Source\InGame\Actor\Enemy\Weapon\Cannon.cpp">
      <Filter>소스 파일</Filter>
    </ClCompile>
    <ClCompile Include="Source\InGame\Actor\Enemy\Weapon\Catapult.cpp">
      <Filter>소스 파일</Filter>
    </ClCompile>
    <ClCompile Include="Source\InGame\Actor\Player\Player.cpp">
      <Filter>소스 파일</Filter>
    </ClCompile>
    <ClCompile Include="Source\InGame\Actor\Player\Robot\RobotArm.cpp">
      <Filter>소스 파일</Filter>
    </ClCompile>
    <ClCompile Include="Source\InGame\Actor\Player\Robot\RobotHead.cpp">
      <Filter>소스 파일</Filter>
    </ClCompile>
    <ClCompile Include="Source\InGame\Actor\Player\Robot\RobotLeg.cpp">
      <Filter>소스 파일</Filter>
    </ClCompile>
    <ClCompile Include="Source\InGame\Actor\Player\Type\ControlPlayer.cpp">
      <Filter>소스 파일</Filter>
    </ClCompile>
    <ClCompile Include="Source\InGame\Scene\TitleScene.cpp">
      <Filter>소스 파일</Filter>
    </ClCompile>
    <ClCompile Include="Source\Game\UI\Button.cpp">
      <Filter>소스 파일</Filter>
    </ClCompile>
    <ClCompile Include="Source\Game\UI\UI.cpp">
      <Filter>소스 파일</Filter>
    </ClCompile>
    <ClCompile Include="Source\InGame\Actor\Player\Type\DefaultMinion.cpp">
      <Filter>소스 파일</Filter>
    </ClCompile>
    <ClCompile Include="Source\InGame\UI\SceneHelper.cpp">
      <Filter>소스 파일</Filter>
    </ClCompile>
    <ClCompile Include="Source\InGame\UI\DialogUI.cpp">
      <Filter>소스 파일</Filter>
    </ClCompile>
    <ClCompile Include="Source\InGame\Actor\Player\Type\MinionAi\MinionAi.cpp">
      <Filter>소스 파일</Filter>
    </ClCompile>
    <ClCompile Include="Source\InGame\UI\HUD\GameHUD.cpp">
      <Filter>소스 파일</Filter>
    </ClCompile>
    <ClCompile Include="Source\InGame\Actor\Enemy\Projectile\Rock.cpp">
      <Filter>소스 파일</Filter>
    </ClCompile>
    <ClCompile Include="Source\InGame\Actor\Tile\LightTile.cpp">
      <Filter>소스 파일</Filter>
    </ClCompile>
    <ClCompile Include="Source\InGame\Actor\Enemy\Projectile\CannonBall.cpp">
      <Filter>소스 파일</Filter>
    </ClCompile>
    <ClCompile Include="Source\InGame\UI\PauseUI.cpp">
      <Filter>소스 파일</Filter>
    </ClCompile>
    <ClCompile Include="Source\InGame\Actor\Tile\EndPointTile.cpp">
      <Filter>소스 파일</Filter>
    </ClCompile>
    <ClCompile Include="Source\InGame\Scene\ShopScene.cpp">
      <Filter>소스 파일</Filter>
    </ClCompile>
    <ClCompile Include="Source\InGame\UI\HUD\ShopHUD.cpp">
      <Filter>소스 파일</Filter>
    </ClCompile>
    <ClCompile Include="Source\InGame\Info\GameInfo.cpp">
      <Filter>소스 파일</Filter>
    </ClCompile>
    <ClCompile Include="Source\InGame\Actor\Player\MovePlayer.cpp">
      <Filter>소스 파일</Filter>
    </ClCompile>
    <ClCompile Include="Source\InGame\UI\HUD\EditHUD.cpp">
      <Filter>소스 파일</Filter>
    </ClCompile>
    <ClCompile Include="Source\InGame\UI\HUD\HUD.cpp">
      <Filter>소스 파일</Filter>
    </ClCompile>
    <ClCompile Include="Source\InGame\Actor\Enemy\Projectile\Laser.cpp">
      <Filter>소스 파일</Filter>
    </ClCompile>
    <ClCompile Include="Source\InGame\Actor\Particle\ParticleCreator.cpp">
      <Filter>소스 파일</Filter>
    </ClCompile>
    <ClCompile Include="Source\InGame\Actor\Player\Type\MinionAi\MinionManager.cpp">
      <Filter>소스 파일</Filter>
    </ClCompile>
    <ClCompile Include="Source\InGame\Actor\Enemy\Weapon\Wizard.cpp">
      <Filter>소스 파일</Filter>
    </ClCompile>
    <ClCompile Include="Source\InGame\Actor\Enemy\Projectile\Frozen.cpp">
      <Filter>소스 파일</Filter>
    </ClCompile>
    <ClCompile Include="Source\InGame\UI\HUD\StageHUD.cpp">
      <Filter>소스 파일</Filter>
    </ClCompile>
    <ClCompile Include="Source\Game\Graphics\Mesh\CubeMapComponent.cpp">
      <Filter>소스 파일</Filter>
    </ClCompile>
    <ClCompile Include="Source\InGame\Actor\CubeMap\CubeMap.cpp">
      <Filter>소스 파일</Filter>
    </ClCompile>
    <ClCompile Include="Source\InGame\UI\HUD\LoadingHUD.cpp">
      <Filter>소스 파일</Filter>
    </ClCompile>
    <ClCompile Include="Source\InGame\Scene\LogoScene.cpp">
      <Filter>소스 파일</Filter>
    </ClCompile>
    <ClCompile Include="Source\Game\Minimap\Minimap.cpp">
      <Filter>소스 파일</Filter>
    </ClCompile>
    <ClCompile Include="Source\InGame\Minimap\GameMinimap.cpp">
      <Filter>소스 파일</Filter>
    </ClCompile>
    <ClCompile Include="Source\InGame\Scene\SettingScene.cpp">
      <Filter>소스 파일</Filter>
    </ClCompile>
    <ClCompile Include="Source\InGame\UI\HUD\SettingHUD.cpp">
      <Filter>소스 파일</Filter>
    </ClCompile>
  </ItemGroup>
  <ItemGroup>
    <ClInclude Include="Source\Game\Actor\Camera\CameraActor.h">
      <Filter>헤더 파일</Filter>
    </ClInclude>
    <ClInclude Include="Source\Game\Actor\Camera\FollowCameraActor.h">
      <Filter>헤더 파일</Filter>
    </ClInclude>
    <ClInclude Include="Source\Game\Actor\Actor.h">
      <Filter>헤더 파일</Filter>
    </ClInclude>
    <ClInclude Include="Source\Game\Actor\PlaneActor.h">
      <Filter>헤더 파일</Filter>
    </ClInclude>
    <ClInclude Include="Source\Game\Camera\CameraComponent.h">
      <Filter>헤더 파일</Filter>
    </ClInclude>
    <ClInclude Include="Source\Game\Camera\FollowCamera.h">
      <Filter>헤더 파일</Filter>
    </ClInclude>
    <ClInclude Include="Source\Game\Camera\FPSCamera.h">
      <Filter>헤더 파일</Filter>
    </ClInclude>
    <ClInclude Include="Source\Game\Camera\FPSMouseCamera.h">
      <Filter>헤더 파일</Filter>
    </ClInclude>
    <ClInclude Include="Source\Game\Component\BoxComponent.h">
      <Filter>헤더 파일</Filter>
    </ClInclude>
    <ClInclude Include="Source\Game\Component\Component.h">
      <Filter>헤더 파일</Filter>
    </ClInclude>
    <ClInclude Include="Source\Game\Component\MoveComponent.h">
      <Filter>헤더 파일</Filter>
    </ClInclude>
    <ClInclude Include="Source\Game\Graphics\Light\Light.h">
      <Filter>헤더 파일</Filter>
    </ClInclude>
    <ClInclude Include="Source\Game\Graphics\Mesh\LineComponent.h">
      <Filter>헤더 파일</Filter>
    </ClInclude>
    <ClInclude Include="Source\Game\Graphics\Mesh\Mesh.h">
      <Filter>헤더 파일</Filter>
    </ClInclude>
    <ClInclude Include="Source\Game\Graphics\Mesh\MeshComponent.h">
      <Filter>헤더 파일</Filter>
    </ClInclude>
    <ClInclude Include="Source\Game\Graphics\Renderer\Renderer.h">
      <Filter>헤더 파일</Filter>
    </ClInclude>
    <ClInclude Include="Source\Game\Graphics\Shader\Shader.h">
      <Filter>헤더 파일</Filter>
    </ClInclude>
    <ClInclude Include="Source\Game\Graphics\Shader\VertexArray.h">
      <Filter>헤더 파일</Filter>
    </ClInclude>
    <ClInclude Include="Source\Game\Graphics\Texture\stb_image.h">
      <Filter>헤더 파일</Filter>
    </ClInclude>
    <ClInclude Include="Source\Game\Graphics\Texture\Texture.h">
      <Filter>헤더 파일</Filter>
    </ClInclude>
    <ClInclude Include="Source\Game\Graphics\Window.h">
      <Filter>헤더 파일</Filter>
    </ClInclude>
    <ClInclude Include="Source\Game\Input\KeyBoard.h">
      <Filter>헤더 파일</Filter>
    </ClInclude>
    <ClInclude Include="Source\Game\Input\Mouse.h">
      <Filter>헤더 파일</Filter>
    </ClInclude>
    <ClInclude Include="Source\Game\Math\GLMath.h">
      <Filter>헤더 파일</Filter>
    </ClInclude>
    <ClInclude Include="Source\Game\Math\Math.h">
      <Filter>헤더 파일</Filter>
    </ClInclude>
    <ClInclude Include="Source\Game\Math\Matrix3.h">
      <Filter>헤더 파일</Filter>
    </ClInclude>
    <ClInclude Include="Source\Game\Math\Matrix4.h">
      <Filter>헤더 파일</Filter>
    </ClInclude>
    <ClInclude Include="Source\Game\Math\Quaternion.h">
      <Filter>헤더 파일</Filter>
    </ClInclude>
    <ClInclude Include="Source\Game\Math\Vector2.h">
      <Filter>헤더 파일</Filter>
    </ClInclude>
    <ClInclude Include="Source\Game\Math\Vector3.h">
      <Filter>헤더 파일</Filter>
    </ClInclude>
    <ClInclude Include="Source\Game\Physics\Coliision\AABB.h">
      <Filter>헤더 파일</Filter>
    </ClInclude>
    <ClInclude Include="Source\Game\Physics\Coliision\Capsule.h">
      <Filter>헤더 파일</Filter>
    </ClInclude>
    <ClInclude Include="Source\Game\Physics\Coliision\Collision.h">
      <Filter>헤더 파일</Filter>
    </ClInclude>
    <ClInclude Include="Source\Game\Physics\Coliision\ConvexPolygon.h">
      <Filter>헤더 파일</Filter>
    </ClInclude>
    <ClInclude Include="Source\Game\Physics\Coliision\LineSegment.h">
      <Filter>헤더 파일</Filter>
    </ClInclude>
    <ClInclude Include="Source\Game\Physics\Coliision\OBB.h">
      <Filter>헤더 파일</Filter>
    </ClInclude>
    <ClInclude Include="Source\Game\Physics\Coliision\Plane.h">
      <Filter>헤더 파일</Filter>
    </ClInclude>
    <ClInclude Include="Source\Game\Physics\Coliision\Sphere.h">
      <Filter>헤더 파일</Filter>
    </ClInclude>
    <ClInclude Include="Source\Game\Physics\PhysicsEngine.h">
      <Filter>헤더 파일</Filter>
    </ClInclude>
    <ClInclude Include="Source\Game\Game.h">
      <Filter>헤더 파일</Filter>
    </ClInclude>
    <ClInclude Include="Source\Game\Graphics\Mesh\AlphaComponent.h">
      <Filter>헤더 파일</Filter>
    </ClInclude>
    <ClInclude Include="Source\Game\Actor\Defualt\DefualtShape.h">
      <Filter>헤더 파일</Filter>
    </ClInclude>
    <ClInclude Include="Source\Game\Actor\Defualt\AlphaShape.h">
      <Filter>헤더 파일</Filter>
    </ClInclude>
    <ClInclude Include="Source\Game\Scene\Scene.h">
      <Filter>헤더 파일</Filter>
    </ClInclude>
    <ClInclude Include="Source\Game\Graphics\Mesh\BillBoardComponent.h">
      <Filter>헤더 파일</Filter>
    </ClInclude>
    <ClInclude Include="Source\Game\Graphics\Mesh\SpriteComponent.h">
      <Filter>헤더 파일</Filter>
    </ClInclude>
    <ClInclude Include="Source\InGame\Scene\GameScene.h">
      <Filter>헤더 파일</Filter>
    </ClInclude>
    <ClInclude Include="Source\InGame\Scene\LoadingScene.h">
      <Filter>헤더 파일</Filter>
    </ClInclude>
    <ClInclude Include="Source\InGame\Actor\Particle\Snow.h">
      <Filter>헤더 파일</Filter>
    </ClInclude>
    <ClInclude Include="Source\InGame\Map\Editer\MapEditor.h">
      <Filter>헤더 파일</Filter>
    </ClInclude>
    <ClInclude Include="Source\InGame\Map\GameMap.h">
      <Filter>헤더 파일</Filter>
    </ClInclude>
    <ClInclude Include="Source\InGame\Actor\Tile\Tile.h">
      <Filter>헤더 파일</Filter>
    </ClInclude>
    <ClInclude Include="Source\InGame\Scene\EditScene.h">
      <Filter>헤더 파일</Filter>
    </ClInclude>
    <ClInclude Include="Source\InGame\Actor\Tile\EnemyTile.h">
      <Filter>헤더 파일</Filter>
    </ClInclude>
    <ClInclude Include="Source\InGame\Actor\Enemy\EnemyTower.h">
      <Filter>헤더 파일</Filter>
    </ClInclude>
    <ClInclude Include="Source\InGame\Actor\Enemy\Projectile\Projectile.h">
      <Filter>헤더 파일</Filter>
    </ClInclude>
    <ClInclude Include="Source\InGame\Actor\Enemy\Projectile\Arrow.h">
      <Filter>헤더 파일</Filter>
    </ClInclude>
    <ClInclude Include="Source\Game\Sound\Sound.h">
      <Filter>헤더 파일</Filter>
    </ClInclude>
    <ClInclude Include="Source\InGame\Actor\Enemy\Weapon.h">
      <Filter>헤더 파일</Filter>
    </ClInclude>
    <ClInclude Include="Source\InGame\Actor\Enemy\Weapon\Ballista.h">
      <Filter>헤더 파일</Filter>
    </ClInclude>
    <ClInclude Include="Source\InGame\Actor\Enemy\Weapon\Blaster.h">
      <Filter>헤더 파일</Filter>
    </ClInclude>
    <ClInclude Include="Source\InGame\Actor\Enemy\Weapon\Cannon.h">
      <Filter>헤더 파일</Filter>
    </ClInclude>
    <ClInclude Include="Source\InGame\Actor\Enemy\Weapon\Catapult.h">
      <Filter>헤더 파일</Filter>
    </ClInclude>
    <ClInclude Include="Source\InGame\Actor\Player\Player.h">
      <Filter>헤더 파일</Filter>
    </ClInclude>
    <ClInclude Include="Source\InGame\Actor\Player\Robot\RobotArm.h">
      <Filter>헤더 파일</Filter>
    </ClInclude>
    <ClInclude Include="Source\InGame\Actor\Player\Robot\RobotHead.h">
      <Filter>헤더 파일</Filter>
    </ClInclude>
    <ClInclude Include="Source\InGame\Actor\Player\Robot\RobotLeg.h">
      <Filter>헤더 파일</Filter>
    </ClInclude>
    <ClInclude Include="Source\InGame\Actor\Player\Type\ControlPlayer.h">
      <Filter>헤더 파일</Filter>
    </ClInclude>
    <ClInclude Include="Source\InGame\Scene\TitleScene.h">
      <Filter>헤더 파일</Filter>
    </ClInclude>
    <ClInclude Include="Source\Game\UI\Button.h">
      <Filter>헤더 파일</Filter>
    </ClInclude>
    <ClInclude Include="Source\Game\UI\UI.h">
      <Filter>헤더 파일</Filter>
    </ClInclude>
    <ClInclude Include="Source\InGame\Actor\Player\Type\DefaultMinion.h">
      <Filter>헤더 파일</Filter>
    </ClInclude>
    <ClInclude Include="Source\InGame\UI\SceneHelper.h">
      <Filter>헤더 파일</Filter>
    </ClInclude>
    <ClInclude Include="Source\InGame\UI\DialogUI.h">
      <Filter>헤더 파일</Filter>
    </ClInclude>
    <ClInclude Include="Source\InGame\Actor\Player\Type\MinionAi\MinionAi.h">
      <Filter>헤더 파일</Filter>
    </ClInclude>
    <ClInclude Include="Source\InGame\UI\HUD\GameHUD.h">
      <Filter>헤더 파일</Filter>
    </ClInclude>
    <ClInclude Include="Source\InGame\Info\GameInfo.h">
      <Filter>헤더 파일</Filter>
    </ClInclude>
    <ClInclude Include="Source\InGame\Actor\Enemy\Projectile\Rock.h">
      <Filter>헤더 파일</Filter>
    </ClInclude>
    <ClInclude Include="Source\InGame\Actor\Tile\LightTile.h">
      <Filter>헤더 파일</Filter>
    </ClInclude>
    <ClInclude Include="Source\InGame\Actor\Enemy\Projectile\CannonBall.h">
      <Filter>헤더 파일</Filter>
    </ClInclude>
    <ClInclude Include="Source\InGame\UI\PauseUI.h">
      <Filter>헤더 파일</Filter>
    </ClInclude>
    <ClInclude Include="Source\InGame\Actor\Tile\EndPointTile.h">
      <Filter>헤더 파일</Filter>
    </ClInclude>
    <ClInclude Include="Source\InGame\Scene\ShopScene.h">
      <Filter>헤더 파일</Filter>
    </ClInclude>
    <ClInclude Include="Source\InGame\UI\HUD\ShopHUD.h">
      <Filter>헤더 파일</Filter>
    </ClInclude>
    <ClInclude Include="Source\InGame\Actor\Player\MovePlayer.h">
      <Filter>헤더 파일</Filter>
    </ClInclude>
    <ClInclude Include="Source\InGame\UI\HUD\EditHUD.h">
      <Filter>헤더 파일</Filter>
    </ClInclude>
    <ClInclude Include="Source\InGame\UI\HUD\HUD.h">
      <Filter>헤더 파일</Filter>
    </ClInclude>
    <ClInclude Include="Source\InGame\Actor\Enemy\Projectile\Laser.h">
      <Filter>헤더 파일</Filter>
    </ClInclude>
    <ClInclude Include="Source\InGame\Actor\Particle\ParticleCreator.h">
      <Filter>헤더 파일</Filter>
    </ClInclude>
    <ClInclude Include="Source\InGame\Actor\Player\Type\MinionAi\MinionManager.h">
      <Filter>헤더 파일</Filter>
    </ClInclude>
    <ClInclude Include="Source\InGame\Actor\Enemy\Weapon\Wizard.h">
      <Filter>헤더 파일</Filter>
    </ClInclude>
    <ClInclude Include="Source\InGame\Actor\Enemy\Projectile\Frozen.h">
      <Filter>헤더 파일</Filter>
    </ClInclude>
    <ClInclude Include="Source\InGame\UI\HUD\StageHUD.h">
      <Filter>헤더 파일</Filter>
    </ClInclude>
    <ClInclude Include="Source\Game\Graphics\Mesh\CubeMapComponent.h">
      <Filter>헤더 파일</Filter>
    </ClInclude>
    <ClInclude Include="Source\InGame\Actor\CubeMap\CubeMap.h">
      <Filter>헤더 파일</Filter>
    </ClInclude>
    <ClInclude Include="Source\InGame\UI\HUD\LoadingHUD.h">
      <Filter>헤더 파일</Filter>
    </ClInclude>
    <ClInclude Include="Source\InGame\Scene\LogoScene.h">
      <Filter>헤더 파일</Filter>
    </ClInclude>
    <ClInclude Include="resource.h">
      <Filter>헤더 파일</Filter>
    </ClInclude>
    <ClInclude Include="Source\Game\Minimap\Minimap.h">
      <Filter>헤더 파일</Filter>
    </ClInclude>
    <ClInclude Include="Source\InGame\Minimap\GameMinimap.h">
      <Filter>헤더 파일</Filter>
    </ClInclude>
    <ClInclude Include="Source\InGame\Scene\SettingScene.h">
      <Filter>헤더 파일</Filter>
    </ClInclude>
    <ClInclude Include="Source\InGame\UI\HUD\SettingHUD.h">
      <Filter>헤더 파일</Filter>
    </ClInclude>
  </ItemGroup>
  <ItemGroup>
    <None Include="Source\Game\Graphics\Shader\Phong.frag" />
    <None Include="Source\Game\Graphics\Shader\Phong.vert" />
    <None Include="Source\Game\Graphics\Shader\Sprite.vert" />
    <None Include="Source\Game\Graphics\Shader\Sprite.frag" />
    <None Include="Source\Game\Graphics\Shader\Basic.frag" />
    <None Include="Source\Game\Graphics\Shader\Basic.vert" />
    <None Include="Source\Game\Graphics\Shader\Board.vert" />
    <None Include="Source\Game\Graphics\Shader\Phong2.frag" />
    <None Include="Source\Game\Graphics\Shader\cubemap.vert" />
    <None Include="Source\Game\Graphics\Shader\cubemap.frag" />
  </ItemGroup>
  <ItemGroup>
    <ResourceCompile Include="FrameWork.rc">
      <Filter>리소스 파일</Filter>
    </ResourceCompile>
  </ItemGroup>
  <ItemGroup>
    <Image Include="icon1.ico">
      <Filter>리소스 파일</Filter>
    </Image>
    <Image Include="Asset\Icon\strategy.ico">
      <Filter>리소스 파일</Filter>
    </Image>
  </ItemGroup>
</Project>